// !$*UTF8*$!
{
	archiveVersion = 1;
	classes = {
	};
	objectVersion = 48;
	objects = {

/* Begin PBXBuildFile section */
		0FE90EDD92D441BF0A363552 /* Pods_ChessTests.framework in Frameworks */ = {isa = PBXBuildFile; fileRef = B965A1F1EBC2297C8A2E5E59 /* Pods_ChessTests.framework */; };
		220AFA912072C5CA0091AA13 /* BoardViewController.swift in Sources */ = {isa = PBXBuildFile; fileRef = 220AFA902072C5CA0091AA13 /* BoardViewController.swift */; };
		22C6FD28206D3CBC000534DE /* AppDelegate.swift in Sources */ = {isa = PBXBuildFile; fileRef = 22C6FD27206D3CBC000534DE /* AppDelegate.swift */; };
		22C6FD2A206D3CBC000534DE /* MainViewController.swift in Sources */ = {isa = PBXBuildFile; fileRef = 22C6FD29206D3CBC000534DE /* MainViewController.swift */; };
		22C6FD2D206D3CBC000534DE /* Main.storyboard in Resources */ = {isa = PBXBuildFile; fileRef = 22C6FD2B206D3CBC000534DE /* Main.storyboard */; };
		22C6FD2F206D3CBC000534DE /* Assets.xcassets in Resources */ = {isa = PBXBuildFile; fileRef = 22C6FD2E206D3CBC000534DE /* Assets.xcassets */; };
		22C6FD32206D3CBC000534DE /* LaunchScreen.storyboard in Resources */ = {isa = PBXBuildFile; fileRef = 22C6FD30206D3CBC000534DE /* LaunchScreen.storyboard */; };
		22C6FD3D206D3CBC000534DE /* ChessTests.swift in Sources */ = {isa = PBXBuildFile; fileRef = 22C6FD3C206D3CBC000534DE /* ChessTests.swift */; };
		38F5E670654F98C017832B30 /* Pods_Chess.framework in Frameworks */ = {isa = PBXBuildFile; fileRef = 1662EA7B4228CD82528EEB0E /* Pods_Chess.framework */; };
		9D3401A920A406B1000A6BF3 /* SecondViewController.swift in Sources */ = {isa = PBXBuildFile; fileRef = 9D3401A820A406B1000A6BF3 /* SecondViewController.swift */; };
		9D45DE9A20A4A85300A40C9A /* GoogleService-Info.plist in Resources */ = {isa = PBXBuildFile; fileRef = 9D45DE9920A4A85300A40C9A /* GoogleService-Info.plist */; };
		9DEB3D5520865FFA00EC79F6 /* LoginViewController.swift in Sources */ = {isa = PBXBuildFile; fileRef = 9DEB3D5420865FFA00EC79F6 /* LoginViewController.swift */; };
/* End PBXBuildFile section */

/* Begin PBXContainerItemProxy section */
		22C6FD39206D3CBC000534DE /* PBXContainerItemProxy */ = {
			isa = PBXContainerItemProxy;
			containerPortal = 22C6FD1C206D3CBC000534DE /* Project object */;
			proxyType = 1;
			remoteGlobalIDString = 22C6FD23206D3CBC000534DE;
			remoteInfo = Chess;
		};
/* End PBXContainerItemProxy section */

/* Begin PBXFileReference section */
		1662EA7B4228CD82528EEB0E /* Pods_Chess.framework */ = {isa = PBXFileReference; explicitFileType = wrapper.framework; includeInIndex = 0; path = Pods_Chess.framework; sourceTree = BUILT_PRODUCTS_DIR; };
		1C74E54935B7BBEC0E0F0DA7 /* Pods-Chess.release.xcconfig */ = {isa = PBXFileReference; includeInIndex = 1; lastKnownFileType = text.xcconfig; name = "Pods-Chess.release.xcconfig"; path = "Pods/Target Support Files/Pods-Chess/Pods-Chess.release.xcconfig"; sourceTree = "<group>"; };
		220AFA902072C5CA0091AA13 /* BoardViewController.swift */ = {isa = PBXFileReference; lastKnownFileType = sourcecode.swift; path = BoardViewController.swift; sourceTree = "<group>"; };
		22C6FD24206D3CBC000534DE /* Chess.app */ = {isa = PBXFileReference; explicitFileType = wrapper.application; includeInIndex = 0; path = Chess.app; sourceTree = BUILT_PRODUCTS_DIR; };
		22C6FD27206D3CBC000534DE /* AppDelegate.swift */ = {isa = PBXFileReference; lastKnownFileType = sourcecode.swift; path = AppDelegate.swift; sourceTree = "<group>"; };
		22C6FD29206D3CBC000534DE /* MainViewController.swift */ = {isa = PBXFileReference; lastKnownFileType = sourcecode.swift; path = MainViewController.swift; sourceTree = "<group>"; };
		22C6FD2C206D3CBC000534DE /* Base */ = {isa = PBXFileReference; lastKnownFileType = file.storyboard; name = Base; path = Base.lproj/Main.storyboard; sourceTree = "<group>"; };
		22C6FD2E206D3CBC000534DE /* Assets.xcassets */ = {isa = PBXFileReference; lastKnownFileType = folder.assetcatalog; path = Assets.xcassets; sourceTree = "<group>"; };
		22C6FD31206D3CBC000534DE /* Base */ = {isa = PBXFileReference; lastKnownFileType = file.storyboard; name = Base; path = Base.lproj/LaunchScreen.storyboard; sourceTree = "<group>"; };
		22C6FD33206D3CBC000534DE /* Info.plist */ = {isa = PBXFileReference; lastKnownFileType = text.plist.xml; path = Info.plist; sourceTree = "<group>"; };
		22C6FD38206D3CBC000534DE /* ChessTests.xctest */ = {isa = PBXFileReference; explicitFileType = wrapper.cfbundle; includeInIndex = 0; path = ChessTests.xctest; sourceTree = BUILT_PRODUCTS_DIR; };
		22C6FD3C206D3CBC000534DE /* ChessTests.swift */ = {isa = PBXFileReference; lastKnownFileType = sourcecode.swift; path = ChessTests.swift; sourceTree = "<group>"; };
		22C6FD3E206D3CBC000534DE /* Info.plist */ = {isa = PBXFileReference; lastKnownFileType = text.plist.xml; path = Info.plist; sourceTree = "<group>"; };
		5E16C82B0A95C4BB2A3C3205 /* Pods-ChessTests.release.xcconfig */ = {isa = PBXFileReference; includeInIndex = 1; lastKnownFileType = text.xcconfig; name = "Pods-ChessTests.release.xcconfig"; path = "Pods/Target Support Files/Pods-ChessTests/Pods-ChessTests.release.xcconfig"; sourceTree = "<group>"; };
		8EF1C70C179FE1BC5BE2428E /* Pods-Chess.debug.xcconfig */ = {isa = PBXFileReference; includeInIndex = 1; lastKnownFileType = text.xcconfig; name = "Pods-Chess.debug.xcconfig"; path = "Pods/Target Support Files/Pods-Chess/Pods-Chess.debug.xcconfig"; sourceTree = "<group>"; };
		9D3401A820A406B1000A6BF3 /* SecondViewController.swift */ = {isa = PBXFileReference; lastKnownFileType = sourcecode.swift; path = SecondViewController.swift; sourceTree = "<group>"; };
		9D45DE9920A4A85300A40C9A /* GoogleService-Info.plist */ = {isa = PBXFileReference; fileEncoding = 4; lastKnownFileType = text.plist.xml; path = "GoogleService-Info.plist"; sourceTree = SOURCE_ROOT; };
		9DEB3D5420865FFA00EC79F6 /* LoginViewController.swift */ = {isa = PBXFileReference; lastKnownFileType = sourcecode.swift; path = LoginViewController.swift; sourceTree = "<group>"; };
		B965A1F1EBC2297C8A2E5E59 /* Pods_ChessTests.framework */ = {isa = PBXFileReference; explicitFileType = wrapper.framework; includeInIndex = 0; path = Pods_ChessTests.framework; sourceTree = BUILT_PRODUCTS_DIR; };
		D7F881A83C5BC300DA410E3E /* Pods-ChessTests.debug.xcconfig */ = {isa = PBXFileReference; includeInIndex = 1; lastKnownFileType = text.xcconfig; name = "Pods-ChessTests.debug.xcconfig"; path = "Pods/Target Support Files/Pods-ChessTests/Pods-ChessTests.debug.xcconfig"; sourceTree = "<group>"; };
/* End PBXFileReference section */

/* Begin PBXFrameworksBuildPhase section */
		22C6FD21206D3CBC000534DE /* Frameworks */ = {
			isa = PBXFrameworksBuildPhase;
			buildActionMask = 2147483647;
			files = (
				38F5E670654F98C017832B30 /* Pods_Chess.framework in Frameworks */,
			);
			runOnlyForDeploymentPostprocessing = 0;
		};
		22C6FD35206D3CBC000534DE /* Frameworks */ = {
			isa = PBXFrameworksBuildPhase;
			buildActionMask = 2147483647;
			files = (
				0FE90EDD92D441BF0A363552 /* Pods_ChessTests.framework in Frameworks */,
			);
			runOnlyForDeploymentPostprocessing = 0;
		};
/* End PBXFrameworksBuildPhase section */

/* Begin PBXGroup section */
		22C6FD1B206D3CBC000534DE = {
			isa = PBXGroup;
			children = (
				22C6FD26206D3CBC000534DE /* Chess */,
				22C6FD3B206D3CBC000534DE /* ChessTests */,
				22C6FD25206D3CBC000534DE /* Products */,
				BF3239F3C6229E25F25E0191 /* Pods */,
				694668216FFB8285908B28FD /* Frameworks */,
			);
			sourceTree = "<group>";
		};
		22C6FD25206D3CBC000534DE /* Products */ = {
			isa = PBXGroup;
			children = (
				22C6FD24206D3CBC000534DE /* Chess.app */,
				22C6FD38206D3CBC000534DE /* ChessTests.xctest */,
			);
			name = Products;
			sourceTree = "<group>";
		};
		22C6FD26206D3CBC000534DE /* Chess */ = {
			isa = PBXGroup;
			children = (
				22C6FD27206D3CBC000534DE /* AppDelegate.swift */,
				22C6FD29206D3CBC000534DE /* MainViewController.swift */,
				9D3401A820A406B1000A6BF3 /* SecondViewController.swift */,
				220AFA902072C5CA0091AA13 /* BoardViewController.swift */,
				9DEB3D5420865FFA00EC79F6 /* LoginViewController.swift */,
				22C6FD2B206D3CBC000534DE /* Main.storyboard */,
				22C6FD2E206D3CBC000534DE /* Assets.xcassets */,
				22C6FD30206D3CBC000534DE /* LaunchScreen.storyboard */,
				22C6FD33206D3CBC000534DE /* Info.plist */,
				9D45DE9920A4A85300A40C9A /* GoogleService-Info.plist */,
			);
			path = Chess;
			sourceTree = "<group>";
		};
		22C6FD3B206D3CBC000534DE /* ChessTests */ = {
			isa = PBXGroup;
			children = (
				22C6FD3C206D3CBC000534DE /* ChessTests.swift */,
				22C6FD3E206D3CBC000534DE /* Info.plist */,
			);
			path = ChessTests;
			sourceTree = "<group>";
		};
		694668216FFB8285908B28FD /* Frameworks */ = {
			isa = PBXGroup;
			children = (
				1662EA7B4228CD82528EEB0E /* Pods_Chess.framework */,
				B965A1F1EBC2297C8A2E5E59 /* Pods_ChessTests.framework */,
			);
			name = Frameworks;
			sourceTree = "<group>";
		};
		BF3239F3C6229E25F25E0191 /* Pods */ = {
			isa = PBXGroup;
			children = (
				8EF1C70C179FE1BC5BE2428E /* Pods-Chess.debug.xcconfig */,
				1C74E54935B7BBEC0E0F0DA7 /* Pods-Chess.release.xcconfig */,
				D7F881A83C5BC300DA410E3E /* Pods-ChessTests.debug.xcconfig */,
				5E16C82B0A95C4BB2A3C3205 /* Pods-ChessTests.release.xcconfig */,
			);
			name = Pods;
			sourceTree = "<group>";
		};
/* End PBXGroup section */

/* Begin PBXNativeTarget section */
		22C6FD23206D3CBC000534DE /* Chess */ = {
			isa = PBXNativeTarget;
			buildConfigurationList = 22C6FD41206D3CBC000534DE /* Build configuration list for PBXNativeTarget "Chess" */;
			buildPhases = (
				3E1D3C9D9DFCFA9B2A18FEB4 /* [CP] Check Pods Manifest.lock */,
				22C6FD20206D3CBC000534DE /* Sources */,
				22C6FD21206D3CBC000534DE /* Frameworks */,
				22C6FD22206D3CBC000534DE /* Resources */,
				2AFE5D4B8DBB668D669E62CA /* [CP] Embed Pods Frameworks */,
			);
			buildRules = (
			);
			dependencies = (
			);
			name = Chess;
			productName = Chess;
			productReference = 22C6FD24206D3CBC000534DE /* Chess.app */;
			productType = "com.apple.product-type.application";
		};
		22C6FD37206D3CBC000534DE /* ChessTests */ = {
			isa = PBXNativeTarget;
			buildConfigurationList = 22C6FD44206D3CBC000534DE /* Build configuration list for PBXNativeTarget "ChessTests" */;
			buildPhases = (
				E7BBAE5C83EBDB17AA31BD1E /* [CP] Check Pods Manifest.lock */,
				22C6FD34206D3CBC000534DE /* Sources */,
				22C6FD35206D3CBC000534DE /* Frameworks */,
				22C6FD36206D3CBC000534DE /* Resources */,
			);
			buildRules = (
			);
			dependencies = (
				22C6FD3A206D3CBC000534DE /* PBXTargetDependency */,
			);
			name = ChessTests;
			productName = ChessTests;
			productReference = 22C6FD38206D3CBC000534DE /* ChessTests.xctest */;
			productType = "com.apple.product-type.bundle.unit-test";
		};
/* End PBXNativeTarget section */

/* Begin PBXProject section */
		22C6FD1C206D3CBC000534DE /* Project object */ = {
			isa = PBXProject;
			attributes = {
				LastSwiftUpdateCheck = 0920;
				LastUpgradeCheck = 0930;
				ORGANIZATIONNAME = "Alex, Justin, Eric";
				TargetAttributes = {
					22C6FD23206D3CBC000534DE = {
						CreatedOnToolsVersion = 9.2;
						ProvisioningStyle = Automatic;
					};
					22C6FD37206D3CBC000534DE = {
						CreatedOnToolsVersion = 9.2;
						ProvisioningStyle = Automatic;
						TestTargetID = 22C6FD23206D3CBC000534DE;
					};
				};
			};
			buildConfigurationList = 22C6FD1F206D3CBC000534DE /* Build configuration list for PBXProject "Chess" */;
			compatibilityVersion = "Xcode 8.0";
			developmentRegion = en;
			hasScannedForEncodings = 0;
			knownRegions = (
				en,
				Base,
			);
			mainGroup = 22C6FD1B206D3CBC000534DE;
			productRefGroup = 22C6FD25206D3CBC000534DE /* Products */;
			projectDirPath = "";
			projectRoot = "";
			targets = (
				22C6FD23206D3CBC000534DE /* Chess */,
				22C6FD37206D3CBC000534DE /* ChessTests */,
			);
		};
/* End PBXProject section */

/* Begin PBXResourcesBuildPhase section */
		22C6FD22206D3CBC000534DE /* Resources */ = {
			isa = PBXResourcesBuildPhase;
			buildActionMask = 2147483647;
			files = (
				22C6FD32206D3CBC000534DE /* LaunchScreen.storyboard in Resources */,
				9D45DE9A20A4A85300A40C9A /* GoogleService-Info.plist in Resources */,
				22C6FD2F206D3CBC000534DE /* Assets.xcassets in Resources */,
				22C6FD2D206D3CBC000534DE /* Main.storyboard in Resources */,
			);
			runOnlyForDeploymentPostprocessing = 0;
		};
		22C6FD36206D3CBC000534DE /* Resources */ = {
			isa = PBXResourcesBuildPhase;
			buildActionMask = 2147483647;
			files = (
			);
			runOnlyForDeploymentPostprocessing = 0;
		};
/* End PBXResourcesBuildPhase section */

/* Begin PBXShellScriptBuildPhase section */
		2AFE5D4B8DBB668D669E62CA /* [CP] Embed Pods Frameworks */ = {
			isa = PBXShellScriptBuildPhase;
			buildActionMask = 2147483647;
			files = (
			);
			inputPaths = (
				"${SRCROOT}/Pods/Target Support Files/Pods-Chess/Pods-Chess-frameworks.sh",
				"${BUILT_PRODUCTS_DIR}/GTMSessionFetcher/GTMSessionFetcher.framework",
				"${BUILT_PRODUCTS_DIR}/GoogleToolboxForMac/GoogleToolboxForMac.framework",
				"${BUILT_PRODUCTS_DIR}/nanopb/nanopb.framework",
			);
			name = "[CP] Embed Pods Frameworks";
			outputPaths = (
				"${TARGET_BUILD_DIR}/${FRAMEWORKS_FOLDER_PATH}/GTMSessionFetcher.framework",
				"${TARGET_BUILD_DIR}/${FRAMEWORKS_FOLDER_PATH}/GoogleToolboxForMac.framework",
				"${TARGET_BUILD_DIR}/${FRAMEWORKS_FOLDER_PATH}/nanopb.framework",
			);
			runOnlyForDeploymentPostprocessing = 0;
			shellPath = /bin/sh;
			shellScript = "\"${SRCROOT}/Pods/Target Support Files/Pods-Chess/Pods-Chess-frameworks.sh\"\n";
			showEnvVarsInLog = 0;
		};
		3E1D3C9D9DFCFA9B2A18FEB4 /* [CP] Check Pods Manifest.lock */ = {
			isa = PBXShellScriptBuildPhase;
			buildActionMask = 2147483647;
			files = (
			);
			inputPaths = (
				"${PODS_PODFILE_DIR_PATH}/Podfile.lock",
				"${PODS_ROOT}/Manifest.lock",
			);
			name = "[CP] Check Pods Manifest.lock";
			outputPaths = (
				"$(DERIVED_FILE_DIR)/Pods-Chess-checkManifestLockResult.txt",
			);
			runOnlyForDeploymentPostprocessing = 0;
			shellPath = /bin/sh;
			shellScript = "diff \"${PODS_PODFILE_DIR_PATH}/Podfile.lock\" \"${PODS_ROOT}/Manifest.lock\" > /dev/null\nif [ $? != 0 ] ; then\n    # print error to STDERR\n    echo \"error: The sandbox is not in sync with the Podfile.lock. Run 'pod install' or update your CocoaPods installation.\" >&2\n    exit 1\nfi\n# This output is used by Xcode 'outputs' to avoid re-running this script phase.\necho \"SUCCESS\" > \"${SCRIPT_OUTPUT_FILE_0}\"\n";
			showEnvVarsInLog = 0;
		};
		E7BBAE5C83EBDB17AA31BD1E /* [CP] Check Pods Manifest.lock */ = {
			isa = PBXShellScriptBuildPhase;
			buildActionMask = 2147483647;
			files = (
			);
			inputPaths = (
				"${PODS_PODFILE_DIR_PATH}/Podfile.lock",
				"${PODS_ROOT}/Manifest.lock",
			);
			name = "[CP] Check Pods Manifest.lock";
			outputPaths = (
				"$(DERIVED_FILE_DIR)/Pods-ChessTests-checkManifestLockResult.txt",
			);
			runOnlyForDeploymentPostprocessing = 0;
			shellPath = /bin/sh;
			shellScript = "diff \"${PODS_PODFILE_DIR_PATH}/Podfile.lock\" \"${PODS_ROOT}/Manifest.lock\" > /dev/null\nif [ $? != 0 ] ; then\n    # print error to STDERR\n    echo \"error: The sandbox is not in sync with the Podfile.lock. Run 'pod install' or update your CocoaPods installation.\" >&2\n    exit 1\nfi\n# This output is used by Xcode 'outputs' to avoid re-running this script phase.\necho \"SUCCESS\" > \"${SCRIPT_OUTPUT_FILE_0}\"\n";
			showEnvVarsInLog = 0;
		};
/* End PBXShellScriptBuildPhase section */

/* Begin PBXSourcesBuildPhase section */
		22C6FD20206D3CBC000534DE /* Sources */ = {
			isa = PBXSourcesBuildPhase;
			buildActionMask = 2147483647;
			files = (
				9DEB3D5520865FFA00EC79F6 /* LoginViewController.swift in Sources */,
				22C6FD2A206D3CBC000534DE /* MainViewController.swift in Sources */,
				22C6FD28206D3CBC000534DE /* AppDelegate.swift in Sources */,
				9D3401A920A406B1000A6BF3 /* SecondViewController.swift in Sources */,
				220AFA912072C5CA0091AA13 /* BoardViewController.swift in Sources */,
			);
			runOnlyForDeploymentPostprocessing = 0;
		};
		22C6FD34206D3CBC000534DE /* Sources */ = {
			isa = PBXSourcesBuildPhase;
			buildActionMask = 2147483647;
			files = (
				22C6FD3D206D3CBC000534DE /* ChessTests.swift in Sources */,
			);
			runOnlyForDeploymentPostprocessing = 0;
		};
/* End PBXSourcesBuildPhase section */

/* Begin PBXTargetDependency section */
		22C6FD3A206D3CBC000534DE /* PBXTargetDependency */ = {
			isa = PBXTargetDependency;
			target = 22C6FD23206D3CBC000534DE /* Chess */;
			targetProxy = 22C6FD39206D3CBC000534DE /* PBXContainerItemProxy */;
		};
/* End PBXTargetDependency section */

/* Begin PBXVariantGroup section */
		22C6FD2B206D3CBC000534DE /* Main.storyboard */ = {
			isa = PBXVariantGroup;
			children = (
				22C6FD2C206D3CBC000534DE /* Base */,
			);
			name = Main.storyboard;
			sourceTree = "<group>";
		};
		22C6FD30206D3CBC000534DE /* LaunchScreen.storyboard */ = {
			isa = PBXVariantGroup;
			children = (
				22C6FD31206D3CBC000534DE /* Base */,
			);
			name = LaunchScreen.storyboard;
			sourceTree = "<group>";
		};
/* End PBXVariantGroup section */

/* Begin XCBuildConfiguration section */
		22C6FD3F206D3CBC000534DE /* Debug */ = {
			isa = XCBuildConfiguration;
			buildSettings = {
				ALWAYS_SEARCH_USER_PATHS = NO;
				CLANG_ANALYZER_NONNULL = YES;
				CLANG_ANALYZER_NUMBER_OBJECT_CONVERSION = YES_AGGRESSIVE;
				CLANG_CXX_LANGUAGE_STANDARD = "gnu++14";
				CLANG_CXX_LIBRARY = "libc++";
				CLANG_ENABLE_MODULES = YES;
				CLANG_ENABLE_OBJC_ARC = YES;
				CLANG_WARN_BLOCK_CAPTURE_AUTORELEASING = YES;
				CLANG_WARN_BOOL_CONVERSION = YES;
				CLANG_WARN_COMMA = YES;
				CLANG_WARN_CONSTANT_CONVERSION = YES;
				CLANG_WARN_DEPRECATED_OBJC_IMPLEMENTATIONS = YES;
				CLANG_WARN_DIRECT_OBJC_ISA_USAGE = YES_ERROR;
				CLANG_WARN_DOCUMENTATION_COMMENTS = YES;
				CLANG_WARN_EMPTY_BODY = YES;
				CLANG_WARN_ENUM_CONVERSION = YES;
				CLANG_WARN_INFINITE_RECURSION = YES;
				CLANG_WARN_INT_CONVERSION = YES;
				CLANG_WARN_NON_LITERAL_NULL_CONVERSION = YES;
				CLANG_WARN_OBJC_IMPLICIT_RETAIN_SELF = YES;
				CLANG_WARN_OBJC_LITERAL_CONVERSION = YES;
				CLANG_WARN_OBJC_ROOT_CLASS = YES_ERROR;
				CLANG_WARN_RANGE_LOOP_ANALYSIS = YES;
				CLANG_WARN_STRICT_PROTOTYPES = YES;
				CLANG_WARN_SUSPICIOUS_MOVE = YES;
				CLANG_WARN_UNGUARDED_AVAILABILITY = YES_AGGRESSIVE;
				CLANG_WARN_UNREACHABLE_CODE = YES;
				CLANG_WARN__DUPLICATE_METHOD_MATCH = YES;
				CODE_SIGN_IDENTITY = "iPhone Developer";
				COPY_PHASE_STRIP = NO;
				DEBUG_INFORMATION_FORMAT = dwarf;
				ENABLE_STRICT_OBJC_MSGSEND = YES;
				ENABLE_TESTABILITY = YES;
				GCC_C_LANGUAGE_STANDARD = gnu11;
				GCC_DYNAMIC_NO_PIC = NO;
				GCC_NO_COMMON_BLOCKS = YES;
				GCC_OPTIMIZATION_LEVEL = 0;
				GCC_PREPROCESSOR_DEFINITIONS = (
					"DEBUG=1",
					"$(inherited)",
				);
				GCC_WARN_64_TO_32_BIT_CONVERSION = YES;
				GCC_WARN_ABOUT_RETURN_TYPE = YES_ERROR;
				GCC_WARN_UNDECLARED_SELECTOR = YES;
				GCC_WARN_UNINITIALIZED_AUTOS = YES_AGGRESSIVE;
				GCC_WARN_UNUSED_FUNCTION = YES;
				GCC_WARN_UNUSED_VARIABLE = YES;
				IPHONEOS_DEPLOYMENT_TARGET = 11.2;
				MTL_ENABLE_DEBUG_INFO = YES;
				ONLY_ACTIVE_ARCH = YES;
				SDKROOT = iphoneos;
				SWIFT_ACTIVE_COMPILATION_CONDITIONS = DEBUG;
				SWIFT_OPTIMIZATION_LEVEL = "-Onone";
			};
			name = Debug;
		};
		22C6FD40206D3CBC000534DE /* Release */ = {
			isa = XCBuildConfiguration;
			buildSettings = {
				ALWAYS_SEARCH_USER_PATHS = NO;
				CLANG_ANALYZER_NONNULL = YES;
				CLANG_ANALYZER_NUMBER_OBJECT_CONVERSION = YES_AGGRESSIVE;
				CLANG_CXX_LANGUAGE_STANDARD = "gnu++14";
				CLANG_CXX_LIBRARY = "libc++";
				CLANG_ENABLE_MODULES = YES;
				CLANG_ENABLE_OBJC_ARC = YES;
				CLANG_WARN_BLOCK_CAPTURE_AUTORELEASING = YES;
				CLANG_WARN_BOOL_CONVERSION = YES;
				CLANG_WARN_COMMA = YES;
				CLANG_WARN_CONSTANT_CONVERSION = YES;
				CLANG_WARN_DEPRECATED_OBJC_IMPLEMENTATIONS = YES;
				CLANG_WARN_DIRECT_OBJC_ISA_USAGE = YES_ERROR;
				CLANG_WARN_DOCUMENTATION_COMMENTS = YES;
				CLANG_WARN_EMPTY_BODY = YES;
				CLANG_WARN_ENUM_CONVERSION = YES;
				CLANG_WARN_INFINITE_RECURSION = YES;
				CLANG_WARN_INT_CONVERSION = YES;
				CLANG_WARN_NON_LITERAL_NULL_CONVERSION = YES;
				CLANG_WARN_OBJC_IMPLICIT_RETAIN_SELF = YES;
				CLANG_WARN_OBJC_LITERAL_CONVERSION = YES;
				CLANG_WARN_OBJC_ROOT_CLASS = YES_ERROR;
				CLANG_WARN_RANGE_LOOP_ANALYSIS = YES;
				CLANG_WARN_STRICT_PROTOTYPES = YES;
				CLANG_WARN_SUSPICIOUS_MOVE = YES;
				CLANG_WARN_UNGUARDED_AVAILABILITY = YES_AGGRESSIVE;
				CLANG_WARN_UNREACHABLE_CODE = YES;
				CLANG_WARN__DUPLICATE_METHOD_MATCH = YES;
				CODE_SIGN_IDENTITY = "iPhone Developer";
				COPY_PHASE_STRIP = NO;
				DEBUG_INFORMATION_FORMAT = "dwarf-with-dsym";
				ENABLE_NS_ASSERTIONS = NO;
				ENABLE_STRICT_OBJC_MSGSEND = YES;
				GCC_C_LANGUAGE_STANDARD = gnu11;
				GCC_NO_COMMON_BLOCKS = YES;
				GCC_WARN_64_TO_32_BIT_CONVERSION = YES;
				GCC_WARN_ABOUT_RETURN_TYPE = YES_ERROR;
				GCC_WARN_UNDECLARED_SELECTOR = YES;
				GCC_WARN_UNINITIALIZED_AUTOS = YES_AGGRESSIVE;
				GCC_WARN_UNUSED_FUNCTION = YES;
				GCC_WARN_UNUSED_VARIABLE = YES;
				IPHONEOS_DEPLOYMENT_TARGET = 11.2;
				MTL_ENABLE_DEBUG_INFO = NO;
				SDKROOT = iphoneos;
				SWIFT_OPTIMIZATION_LEVEL = "-Owholemodule";
				VALIDATE_PRODUCT = YES;
			};
			name = Release;
		};
		22C6FD42206D3CBC000534DE /* Debug */ = {
			isa = XCBuildConfiguration;
			baseConfigurationReference = 8EF1C70C179FE1BC5BE2428E /* Pods-Chess.debug.xcconfig */;
			buildSettings = {
				ASSETCATALOG_COMPILER_APPICON_NAME = AppIcon;
				CODE_SIGN_STYLE = Automatic;
				DEVELOPMENT_TEAM = 6WMSR7ZD36;
				INFOPLIST_FILE = Chess/Info.plist;
				LD_RUNPATH_SEARCH_PATHS = "$(inherited) @executable_path/Frameworks";
				PRODUCT_BUNDLE_IDENTIFIER = com.example.Chess;
				PRODUCT_NAME = "$(TARGET_NAME)";
				SWIFT_VERSION = 4.0;
				TARGETED_DEVICE_FAMILY = "1,2";
			};
			name = Debug;
		};
		22C6FD43206D3CBC000534DE /* Release */ = {
			isa = XCBuildConfiguration;
			baseConfigurationReference = 1C74E54935B7BBEC0E0F0DA7 /* Pods-Chess.release.xcconfig */;
			buildSettings = {
				ASSETCATALOG_COMPILER_APPICON_NAME = AppIcon;
				CODE_SIGN_STYLE = Automatic;
				DEVELOPMENT_TEAM = 6WMSR7ZD36;
				INFOPLIST_FILE = Chess/Info.plist;
				LD_RUNPATH_SEARCH_PATHS = "$(inherited) @executable_path/Frameworks";
				PRODUCT_BUNDLE_IDENTIFIER = com.example.Chess;
				PRODUCT_NAME = "$(TARGET_NAME)";
				SWIFT_VERSION = 4.0;
				TARGETED_DEVICE_FAMILY = "1,2";
			};
			name = Release;
		};
		22C6FD45206D3CBC000534DE /* Debug */ = {
			isa = XCBuildConfiguration;
			baseConfigurationReference = D7F881A83C5BC300DA410E3E /* Pods-ChessTests.debug.xcconfig */;
			buildSettings = {
				ALWAYS_EMBED_SWIFT_STANDARD_LIBRARIES = YES;
				BUNDLE_LOADER = "$(TEST_HOST)";
				CODE_SIGN_STYLE = Automatic;
				DEVELOPMENT_TEAM = 6WMSR7ZD36;
				INFOPLIST_FILE = ChessTests/Info.plist;
				LD_RUNPATH_SEARCH_PATHS = "$(inherited) @executable_path/Frameworks @loader_path/Frameworks";
				PRODUCT_BUNDLE_IDENTIFIER = com.example.ChessTests;
				PRODUCT_NAME = "$(TARGET_NAME)";
				SWIFT_VERSION = 4.0;
				TARGETED_DEVICE_FAMILY = "1,2";
				TEST_HOST = "$(BUILT_PRODUCTS_DIR)/Chess.app/Chess";
			};
			name = Debug;
		};
		22C6FD46206D3CBC000534DE /* Release */ = {
			isa = XCBuildConfiguration;
			baseConfigurationReference = 5E16C82B0A95C4BB2A3C3205 /* Pods-ChessTests.release.xcconfig */;
			buildSettings = {
				ALWAYS_EMBED_SWIFT_STANDARD_LIBRARIES = YES;
				BUNDLE_LOADER = "$(TEST_HOST)";
				CODE_SIGN_STYLE = Automatic;
				DEVELOPMENT_TEAM = 6WMSR7ZD36;
				INFOPLIST_FILE = ChessTests/Info.plist;
				LD_RUNPATH_SEARCH_PATHS = "$(inherited) @executable_path/Frameworks @loader_path/Frameworks";
				PRODUCT_BUNDLE_IDENTIFIER = com.example.ChessTests;
				PRODUCT_NAME = "$(TARGET_NAME)";
				SWIFT_VERSION = 4.0;
				TARGETED_DEVICE_FAMILY = "1,2";
				TEST_HOST = "$(BUILT_PRODUCTS_DIR)/Chess.app/Chess";
			};
			name = Release;
		};
/* End XCBuildConfiguration section */

/* Begin XCConfigurationList section */
		22C6FD1F206D3CBC000534DE /* Build configuration list for PBXProject "Chess" */ = {
			isa = XCConfigurationList;
			buildConfigurations = (
				22C6FD3F206D3CBC000534DE /* Debug */,
				22C6FD40206D3CBC000534DE /* Release */,
			);
			defaultConfigurationIsVisible = 0;
			defaultConfigurationName = Release;
		};
		22C6FD41206D3CBC000534DE /* Build configuration list for PBXNativeTarget "Chess" */ = {
			isa = XCConfigurationList;
			buildConfigurations = (
				22C6FD42206D3CBC000534DE /* Debug */,
				22C6FD43206D3CBC000534DE /* Release */,
			);
			defaultConfigurationIsVisible = 0;
			defaultConfigurationName = Release;
		};
		22C6FD44206D3CBC000534DE /* Build configuration list for PBXNativeTarget "ChessTests" */ = {
			isa = XCConfigurationList;
			buildConfigurations = (
				22C6FD45206D3CBC000534DE /* Debug */,
				22C6FD46206D3CBC000534DE /* Release */,
			);
			defaultConfigurationIsVisible = 0;
			defaultConfigurationName = Release;
		};
/* End XCConfigurationList section */
	};
	rootObject = 22C6FD1C206D3CBC000534DE /* Project object */;
}
