// !$*UTF8*$!
{
	archiveVersion = 1;
	classes = {
	};
	objectVersion = 48;
	objects = {

/* Begin PBXBuildFile section */
		220222CC2024D5FF00785624 /* AppDelegate.swift in Sources */ = {isa = PBXBuildFile; fileRef = 220222CB2024D5FF00785624 /* AppDelegate.swift */; };
		220222CE2024D5FF00785624 /* GameScene.sks in Resources */ = {isa = PBXBuildFile; fileRef = 220222CD2024D5FF00785624 /* GameScene.sks */; };
		220222D02024D5FF00785624 /* Actions.sks in Resources */ = {isa = PBXBuildFile; fileRef = 220222CF2024D5FF00785624 /* Actions.sks */; };
		220222D22024D5FF00785624 /* GameScene.swift in Sources */ = {isa = PBXBuildFile; fileRef = 220222D12024D5FF00785624 /* GameScene.swift */; };
		220222D42024D5FF00785624 /* GameViewController.swift in Sources */ = {isa = PBXBuildFile; fileRef = 220222D32024D5FF00785624 /* GameViewController.swift */; };
		220222D72024D5FF00785624 /* Main.storyboard in Resources */ = {isa = PBXBuildFile; fileRef = 220222D52024D5FF00785624 /* Main.storyboard */; };
		220222D92024D5FF00785624 /* Assets.xcassets in Resources */ = {isa = PBXBuildFile; fileRef = 220222D82024D5FF00785624 /* Assets.xcassets */; };
		220222DC2024D5FF00785624 /* LaunchScreen.storyboard in Resources */ = {isa = PBXBuildFile; fileRef = 220222DA2024D5FF00785624 /* LaunchScreen.storyboard */; };
		220222E72024D5FF00785624 /* ChessTests.swift in Sources */ = {isa = PBXBuildFile; fileRef = 220222E62024D5FF00785624 /* ChessTests.swift */; };
		220222F22024D5FF00785624 /* ChessUITests.swift in Sources */ = {isa = PBXBuildFile; fileRef = 220222F12024D5FF00785624 /* ChessUITests.swift */; };
/* End PBXBuildFile section */

/* Begin PBXContainerItemProxy section */
		220222E32024D5FF00785624 /* PBXContainerItemProxy */ = {
			isa = PBXContainerItemProxy;
			containerPortal = 220222C02024D5FF00785624 /* Project object */;
			proxyType = 1;
			remoteGlobalIDString = 220222C72024D5FF00785624;
			remoteInfo = Chess;
		};
		220222EE2024D5FF00785624 /* PBXContainerItemProxy */ = {
			isa = PBXContainerItemProxy;
			containerPortal = 220222C02024D5FF00785624 /* Project object */;
			proxyType = 1;
			remoteGlobalIDString = 220222C72024D5FF00785624;
			remoteInfo = Chess;
		};
/* End PBXContainerItemProxy section */

/* Begin PBXFileReference section */
		220222C82024D5FF00785624 /* Chess.app */ = {isa = PBXFileReference; explicitFileType = wrapper.application; includeInIndex = 0; path = Chess.app; sourceTree = BUILT_PRODUCTS_DIR; };
		220222CB2024D5FF00785624 /* AppDelegate.swift */ = {isa = PBXFileReference; lastKnownFileType = sourcecode.swift; path = AppDelegate.swift; sourceTree = "<group>"; };
		220222CD2024D5FF00785624 /* GameScene.sks */ = {isa = PBXFileReference; lastKnownFileType = file.sks; path = GameScene.sks; sourceTree = "<group>"; };
		220222CF2024D5FF00785624 /* Actions.sks */ = {isa = PBXFileReference; lastKnownFileType = file.sks; path = Actions.sks; sourceTree = "<group>"; };
		220222D12024D5FF00785624 /* GameScene.swift */ = {isa = PBXFileReference; lastKnownFileType = sourcecode.swift; path = GameScene.swift; sourceTree = "<group>"; };
		220222D32024D5FF00785624 /* GameViewController.swift */ = {isa = PBXFileReference; lastKnownFileType = sourcecode.swift; path = GameViewController.swift; sourceTree = "<group>"; };
		220222D62024D5FF00785624 /* Base */ = {isa = PBXFileReference; lastKnownFileType = file.storyboard; name = Base; path = Base.lproj/Main.storyboard; sourceTree = "<group>"; };
		220222D82024D5FF00785624 /* Assets.xcassets */ = {isa = PBXFileReference; lastKnownFileType = folder.assetcatalog; path = Assets.xcassets; sourceTree = "<group>"; };
		220222DB2024D5FF00785624 /* Base */ = {isa = PBXFileReference; lastKnownFileType = file.storyboard; name = Base; path = Base.lproj/LaunchScreen.storyboard; sourceTree = "<group>"; };
		220222DD2024D5FF00785624 /* Info.plist */ = {isa = PBXFileReference; lastKnownFileType = text.plist.xml; path = Info.plist; sourceTree = "<group>"; };
		220222E22024D5FF00785624 /* ChessTests.xctest */ = {isa = PBXFileReference; explicitFileType = wrapper.cfbundle; includeInIndex = 0; path = ChessTests.xctest; sourceTree = BUILT_PRODUCTS_DIR; };
		220222E62024D5FF00785624 /* ChessTests.swift */ = {isa = PBXFileReference; lastKnownFileType = sourcecode.swift; path = ChessTests.swift; sourceTree = "<group>"; };
		220222E82024D5FF00785624 /* Info.plist */ = {isa = PBXFileReference; lastKnownFileType = text.plist.xml; path = Info.plist; sourceTree = "<group>"; };
		220222ED2024D5FF00785624 /* ChessUITests.xctest */ = {isa = PBXFileReference; explicitFileType = wrapper.cfbundle; includeInIndex = 0; path = ChessUITests.xctest; sourceTree = BUILT_PRODUCTS_DIR; };
		220222F12024D5FF00785624 /* ChessUITests.swift */ = {isa = PBXFileReference; lastKnownFileType = sourcecode.swift; path = ChessUITests.swift; sourceTree = "<group>"; };
		220222F32024D5FF00785624 /* Info.plist */ = {isa = PBXFileReference; lastKnownFileType = text.plist.xml; path = Info.plist; sourceTree = "<group>"; };
/* End PBXFileReference section */

/* Begin PBXFrameworksBuildPhase section */
		220222C52024D5FF00785624 /* Frameworks */ = {
			isa = PBXFrameworksBuildPhase;
			buildActionMask = 2147483647;
			files = (
			);
			runOnlyForDeploymentPostprocessing = 0;
		};
		220222DF2024D5FF00785624 /* Frameworks */ = {
			isa = PBXFrameworksBuildPhase;
			buildActionMask = 2147483647;
			files = (
			);
			runOnlyForDeploymentPostprocessing = 0;
		};
		220222EA2024D5FF00785624 /* Frameworks */ = {
			isa = PBXFrameworksBuildPhase;
			buildActionMask = 2147483647;
			files = (
			);
			runOnlyForDeploymentPostprocessing = 0;
		};
/* End PBXFrameworksBuildPhase section */

/* Begin PBXGroup section */
		220222BF2024D5FE00785624 = {
			isa = PBXGroup;
			children = (
				220222CA2024D5FF00785624 /* Chess */,
				220222E52024D5FF00785624 /* ChessTests */,
				220222F02024D5FF00785624 /* ChessUITests */,
				220222C92024D5FF00785624 /* Products */,
			);
			sourceTree = "<group>";
		};
		220222C92024D5FF00785624 /* Products */ = {
			isa = PBXGroup;
			children = (
				220222C82024D5FF00785624 /* Chess.app */,
				220222E22024D5FF00785624 /* ChessTests.xctest */,
				220222ED2024D5FF00785624 /* ChessUITests.xctest */,
			);
			name = Products;
			sourceTree = "<group>";
		};
		220222CA2024D5FF00785624 /* Chess */ = {
			isa = PBXGroup;
			children = (
				220222CB2024D5FF00785624 /* AppDelegate.swift */,
				220222CD2024D5FF00785624 /* GameScene.sks */,
				220222CF2024D5FF00785624 /* Actions.sks */,
				220222D12024D5FF00785624 /* GameScene.swift */,
				220222D32024D5FF00785624 /* GameViewController.swift */,
				220222D52024D5FF00785624 /* Main.storyboard */,
				220222D82024D5FF00785624 /* Assets.xcassets */,
				220222DA2024D5FF00785624 /* LaunchScreen.storyboard */,
				220222DD2024D5FF00785624 /* Info.plist */,
			);
			path = Chess;
			sourceTree = "<group>";
		};
		220222E52024D5FF00785624 /* ChessTests */ = {
			isa = PBXGroup;
			children = (
				220222E62024D5FF00785624 /* ChessTests.swift */,
				220222E82024D5FF00785624 /* Info.plist */,
			);
			path = ChessTests;
			sourceTree = "<group>";
		};
		220222F02024D5FF00785624 /* ChessUITests */ = {
			isa = PBXGroup;
			children = (
				220222F12024D5FF00785624 /* ChessUITests.swift */,
				220222F32024D5FF00785624 /* Info.plist */,
			);
			path = ChessUITests;
			sourceTree = "<group>";
		};
/* End PBXGroup section */

/* Begin PBXNativeTarget section */
		220222C72024D5FF00785624 /* Chess */ = {
			isa = PBXNativeTarget;
			buildConfigurationList = 220222F62024D5FF00785624 /* Build configuration list for PBXNativeTarget "Chess" */;
			buildPhases = (
				220222C42024D5FF00785624 /* Sources */,
				220222C52024D5FF00785624 /* Frameworks */,
				220222C62024D5FF00785624 /* Resources */,
			);
			buildRules = (
			);
			dependencies = (
			);
			name = Chess;
			productName = Chess;
			productReference = 220222C82024D5FF00785624 /* Chess.app */;
			productType = "com.apple.product-type.application";
		};
		220222E12024D5FF00785624 /* ChessTests */ = {
			isa = PBXNativeTarget;
			buildConfigurationList = 220222F92024D5FF00785624 /* Build configuration list for PBXNativeTarget "ChessTests" */;
			buildPhases = (
				220222DE2024D5FF00785624 /* Sources */,
				220222DF2024D5FF00785624 /* Frameworks */,
				220222E02024D5FF00785624 /* Resources */,
			);
			buildRules = (
			);
			dependencies = (
				220222E42024D5FF00785624 /* PBXTargetDependency */,
			);
			name = ChessTests;
			productName = ChessTests;
			productReference = 220222E22024D5FF00785624 /* ChessTests.xctest */;
			productType = "com.apple.product-type.bundle.unit-test";
		};
		220222EC2024D5FF00785624 /* ChessUITests */ = {
			isa = PBXNativeTarget;
			buildConfigurationList = 220222FC2024D5FF00785624 /* Build configuration list for PBXNativeTarget "ChessUITests" */;
			buildPhases = (
				220222E92024D5FF00785624 /* Sources */,
				220222EA2024D5FF00785624 /* Frameworks */,
				220222EB2024D5FF00785624 /* Resources */,
			);
			buildRules = (
			);
			dependencies = (
				220222EF2024D5FF00785624 /* PBXTargetDependency */,
			);
			name = ChessUITests;
			productName = ChessUITests;
			productReference = 220222ED2024D5FF00785624 /* ChessUITests.xctest */;
			productType = "com.apple.product-type.bundle.ui-testing";
		};
/* End PBXNativeTarget section */

/* Begin PBXProject section */
		220222C02024D5FF00785624 /* Project object */ = {
			isa = PBXProject;
			attributes = {
				LastSwiftUpdateCheck = 0920;
				LastUpgradeCheck = 0920;
				ORGANIZATIONNAME = "Alex, Justin, Eric";
				TargetAttributes = {
					220222C72024D5FF00785624 = {
						CreatedOnToolsVersion = 9.2;
						ProvisioningStyle = Automatic;
					};
					220222E12024D5FF00785624 = {
						CreatedOnToolsVersion = 9.2;
						ProvisioningStyle = Automatic;
						TestTargetID = 220222C72024D5FF00785624;
					};
					220222EC2024D5FF00785624 = {
						CreatedOnToolsVersion = 9.2;
						ProvisioningStyle = Automatic;
						TestTargetID = 220222C72024D5FF00785624;
					};
				};
			};
			buildConfigurationList = 220222C32024D5FF00785624 /* Build configuration list for PBXProject "Chess" */;
			compatibilityVersion = "Xcode 8.0";
			developmentRegion = en;
			hasScannedForEncodings = 0;
			knownRegions = (
				en,
				Base,
			);
			mainGroup = 220222BF2024D5FE00785624;
			productRefGroup = 220222C92024D5FF00785624 /* Products */;
			projectDirPath = "";
			projectRoot = "";
			targets = (
				220222C72024D5FF00785624 /* Chess */,
				220222E12024D5FF00785624 /* ChessTests */,
				220222EC2024D5FF00785624 /* ChessUITests */,
			);
		};
/* End PBXProject section */

/* Begin PBXResourcesBuildPhase section */
		220222C62024D5FF00785624 /* Resources */ = {
			isa = PBXResourcesBuildPhase;
			buildActionMask = 2147483647;
			files = (
				220222D72024D5FF00785624 /* Main.storyboard in Resources */,
				220222CE2024D5FF00785624 /* GameScene.sks in Resources */,
				220222D92024D5FF00785624 /* Assets.xcassets in Resources */,
				220222DC2024D5FF00785624 /* LaunchScreen.storyboard in Resources */,
				220222D02024D5FF00785624 /* Actions.sks in Resources */,
			);
			runOnlyForDeploymentPostprocessing = 0;
		};
		220222E02024D5FF00785624 /* Resources */ = {
			isa = PBXResourcesBuildPhase;
			buildActionMask = 2147483647;
			files = (
			);
			runOnlyForDeploymentPostprocessing = 0;
		};
		220222EB2024D5FF00785624 /* Resources */ = {
			isa = PBXResourcesBuildPhase;
			buildActionMask = 2147483647;
			files = (
			);
			runOnlyForDeploymentPostprocessing = 0;
		};
/* End PBXResourcesBuildPhase section */

/* Begin PBXSourcesBuildPhase section */
		220222C42024D5FF00785624 /* Sources */ = {
			isa = PBXSourcesBuildPhase;
			buildActionMask = 2147483647;
			files = (
				220222D22024D5FF00785624 /* GameScene.swift in Sources */,
				220222D42024D5FF00785624 /* GameViewController.swift in Sources */,
				220222CC2024D5FF00785624 /* AppDelegate.swift in Sources */,
			);
			runOnlyForDeploymentPostprocessing = 0;
		};
		220222DE2024D5FF00785624 /* Sources */ = {
			isa = PBXSourcesBuildPhase;
			buildActionMask = 2147483647;
			files = (
				220222E72024D5FF00785624 /* ChessTests.swift in Sources */,
			);
			runOnlyForDeploymentPostprocessing = 0;
		};
		220222E92024D5FF00785624 /* Sources */ = {
			isa = PBXSourcesBuildPhase;
			buildActionMask = 2147483647;
			files = (
				220222F22024D5FF00785624 /* ChessUITests.swift in Sources */,
			);
			runOnlyForDeploymentPostprocessing = 0;
		};
/* End PBXSourcesBuildPhase section */

/* Begin PBXTargetDependency section */
		220222E42024D5FF00785624 /* PBXTargetDependency */ = {
			isa = PBXTargetDependency;
			target = 220222C72024D5FF00785624 /* Chess */;
			targetProxy = 220222E32024D5FF00785624 /* PBXContainerItemProxy */;
		};
		220222EF2024D5FF00785624 /* PBXTargetDependency */ = {
			isa = PBXTargetDependency;
			target = 220222C72024D5FF00785624 /* Chess */;
			targetProxy = 220222EE2024D5FF00785624 /* PBXContainerItemProxy */;
		};
/* End PBXTargetDependency section */

/* Begin PBXVariantGroup section */
		220222D52024D5FF00785624 /* Main.storyboard */ = {
			isa = PBXVariantGroup;
			children = (
				220222D62024D5FF00785624 /* Base */,
			);
			name = Main.storyboard;
			sourceTree = "<group>";
		};
		220222DA2024D5FF00785624 /* LaunchScreen.storyboard */ = {
			isa = PBXVariantGroup;
			children = (
				220222DB2024D5FF00785624 /* Base */,
			);
			name = LaunchScreen.storyboard;
			sourceTree = "<group>";
		};
/* End PBXVariantGroup section */

/* Begin XCBuildConfiguration section */
		220222F42024D5FF00785624 /* Debug */ = {
			isa = XCBuildConfiguration;
			buildSettings = {
				ALWAYS_SEARCH_USER_PATHS = NO;
				CLANG_ANALYZER_NONNULL = YES;
				CLANG_ANALYZER_NUMBER_OBJECT_CONVERSION = YES_AGGRESSIVE;
				CLANG_CXX_LANGUAGE_STANDARD = "gnu++14";
				CLANG_CXX_LIBRARY = "libc++";
				CLANG_ENABLE_MODULES = YES;
				CLANG_ENABLE_OBJC_ARC = YES;
				CLANG_WARN_BLOCK_CAPTURE_AUTORELEASING = YES;
				CLANG_WARN_BOOL_CONVERSION = YES;
				CLANG_WARN_COMMA = YES;
				CLANG_WARN_CONSTANT_CONVERSION = YES;
				CLANG_WARN_DIRECT_OBJC_ISA_USAGE = YES_ERROR;
				CLANG_WARN_DOCUMENTATION_COMMENTS = YES;
				CLANG_WARN_EMPTY_BODY = YES;
				CLANG_WARN_ENUM_CONVERSION = YES;
				CLANG_WARN_INFINITE_RECURSION = YES;
				CLANG_WARN_INT_CONVERSION = YES;
				CLANG_WARN_NON_LITERAL_NULL_CONVERSION = YES;
				CLANG_WARN_OBJC_LITERAL_CONVERSION = YES;
				CLANG_WARN_OBJC_ROOT_CLASS = YES_ERROR;
				CLANG_WARN_RANGE_LOOP_ANALYSIS = YES;
				CLANG_WARN_STRICT_PROTOTYPES = YES;
				CLANG_WARN_SUSPICIOUS_MOVE = YES;
				CLANG_WARN_UNGUARDED_AVAILABILITY = YES_AGGRESSIVE;
				CLANG_WARN_UNREACHABLE_CODE = YES;
				CLANG_WARN__DUPLICATE_METHOD_MATCH = YES;
				CODE_SIGN_IDENTITY = "iPhone Developer";
				COPY_PHASE_STRIP = NO;
				DEBUG_INFORMATION_FORMAT = dwarf;
				ENABLE_STRICT_OBJC_MSGSEND = YES;
				ENABLE_TESTABILITY = YES;
				GCC_C_LANGUAGE_STANDARD = gnu11;
				GCC_DYNAMIC_NO_PIC = NO;
				GCC_NO_COMMON_BLOCKS = YES;
				GCC_OPTIMIZATION_LEVEL = 0;
				GCC_PREPROCESSOR_DEFINITIONS = (
					"DEBUG=1",
					"$(inherited)",
				);
				GCC_WARN_64_TO_32_BIT_CONVERSION = YES;
				GCC_WARN_ABOUT_RETURN_TYPE = YES_ERROR;
				GCC_WARN_UNDECLARED_SELECTOR = YES;
				GCC_WARN_UNINITIALIZED_AUTOS = YES_AGGRESSIVE;
				GCC_WARN_UNUSED_FUNCTION = YES;
				GCC_WARN_UNUSED_VARIABLE = YES;
				IPHONEOS_DEPLOYMENT_TARGET = 11.2;
				MTL_ENABLE_DEBUG_INFO = YES;
				ONLY_ACTIVE_ARCH = YES;
				SDKROOT = iphoneos;
				SWIFT_ACTIVE_COMPILATION_CONDITIONS = DEBUG;
				SWIFT_OPTIMIZATION_LEVEL = "-Onone";
			};
			name = Debug;
		};
		220222F52024D5FF00785624 /* Release */ = {
			isa = XCBuildConfiguration;
			buildSettings = {
				ALWAYS_SEARCH_USER_PATHS = NO;
				CLANG_ANALYZER_NONNULL = YES;
				CLANG_ANALYZER_NUMBER_OBJECT_CONVERSION = YES_AGGRESSIVE;
				CLANG_CXX_LANGUAGE_STANDARD = "gnu++14";
				CLANG_CXX_LIBRARY = "libc++";
				CLANG_ENABLE_MODULES = YES;
				CLANG_ENABLE_OBJC_ARC = YES;
				CLANG_WARN_BLOCK_CAPTURE_AUTORELEASING = YES;
				CLANG_WARN_BOOL_CONVERSION = YES;
				CLANG_WARN_COMMA = YES;
				CLANG_WARN_CONSTANT_CONVERSION = YES;
				CLANG_WARN_DIRECT_OBJC_ISA_USAGE = YES_ERROR;
				CLANG_WARN_DOCUMENTATION_COMMENTS = YES;
				CLANG_WARN_EMPTY_BODY = YES;
				CLANG_WARN_ENUM_CONVERSION = YES;
				CLANG_WARN_INFINITE_RECURSION = YES;
				CLANG_WARN_INT_CONVERSION = YES;
				CLANG_WARN_NON_LITERAL_NULL_CONVERSION = YES;
				CLANG_WARN_OBJC_LITERAL_CONVERSION = YES;
				CLANG_WARN_OBJC_ROOT_CLASS = YES_ERROR;
				CLANG_WARN_RANGE_LOOP_ANALYSIS = YES;
				CLANG_WARN_STRICT_PROTOTYPES = YES;
				CLANG_WARN_SUSPICIOUS_MOVE = YES;
				CLANG_WARN_UNGUARDED_AVAILABILITY = YES_AGGRESSIVE;
				CLANG_WARN_UNREACHABLE_CODE = YES;
				CLANG_WARN__DUPLICATE_METHOD_MATCH = YES;
				CODE_SIGN_IDENTITY = "iPhone Developer";
				COPY_PHASE_STRIP = NO;
				DEBUG_INFORMATION_FORMAT = "dwarf-with-dsym";
				ENABLE_NS_ASSERTIONS = NO;
				ENABLE_STRICT_OBJC_MSGSEND = YES;
				GCC_C_LANGUAGE_STANDARD = gnu11;
				GCC_NO_COMMON_BLOCKS = YES;
				GCC_WARN_64_TO_32_BIT_CONVERSION = YES;
				GCC_WARN_ABOUT_RETURN_TYPE = YES_ERROR;
				GCC_WARN_UNDECLARED_SELECTOR = YES;
				GCC_WARN_UNINITIALIZED_AUTOS = YES_AGGRESSIVE;
				GCC_WARN_UNUSED_FUNCTION = YES;
				GCC_WARN_UNUSED_VARIABLE = YES;
				IPHONEOS_DEPLOYMENT_TARGET = 11.2;
				MTL_ENABLE_DEBUG_INFO = NO;
				SDKROOT = iphoneos;
				SWIFT_OPTIMIZATION_LEVEL = "-Owholemodule";
				VALIDATE_PRODUCT = YES;
			};
			name = Release;
		};
		220222F72024D5FF00785624 /* Debug */ = {
			isa = XCBuildConfiguration;
			buildSettings = {
				ASSETCATALOG_COMPILER_APPICON_NAME = AppIcon;
				CODE_SIGN_STYLE = Automatic;
				DEVELOPMENT_TEAM = 6WMSR7ZD36;
				INFOPLIST_FILE = Chess/Info.plist;
				LD_RUNPATH_SEARCH_PATHS = "$(inherited) @executable_path/Frameworks";
				PRODUCT_BUNDLE_IDENTIFIER = com.Chess;
				PRODUCT_NAME = "$(TARGET_NAME)";
				SWIFT_VERSION = 4.0;
				TARGETED_DEVICE_FAMILY = "1,2";
			};
			name = Debug;
		};
		220222F82024D5FF00785624 /* Release */ = {
			isa = XCBuildConfiguration;
			buildSettings = {
				ASSETCATALOG_COMPILER_APPICON_NAME = AppIcon;
				CODE_SIGN_STYLE = Automatic;
				DEVELOPMENT_TEAM = 6WMSR7ZD36;
				INFOPLIST_FILE = Chess/Info.plist;
				LD_RUNPATH_SEARCH_PATHS = "$(inherited) @executable_path/Frameworks";
				PRODUCT_BUNDLE_IDENTIFIER = com.Chess;
				PRODUCT_NAME = "$(TARGET_NAME)";
				SWIFT_VERSION = 4.0;
				TARGETED_DEVICE_FAMILY = "1,2";
			};
			name = Release;
		};
		220222FA2024D5FF00785624 /* Debug */ = {
			isa = XCBuildConfiguration;
			buildSettings = {
				ALWAYS_EMBED_SWIFT_STANDARD_LIBRARIES = YES;
				BUNDLE_LOADER = "$(TEST_HOST)";
				CODE_SIGN_STYLE = Automatic;
				DEVELOPMENT_TEAM = 6WMSR7ZD36;
				INFOPLIST_FILE = ChessTests/Info.plist;
				LD_RUNPATH_SEARCH_PATHS = "$(inherited) @executable_path/Frameworks @loader_path/Frameworks";
				PRODUCT_BUNDLE_IDENTIFIER = com.ChessTests;
				PRODUCT_NAME = "$(TARGET_NAME)";
				SWIFT_VERSION = 4.0;
				TARGETED_DEVICE_FAMILY = "1,2";
				TEST_HOST = "$(BUILT_PRODUCTS_DIR)/Chess.app/Chess";
			};
			name = Debug;
		};
		220222FB2024D5FF00785624 /* Release */ = {
			isa = XCBuildConfiguration;
			buildSettings = {
				ALWAYS_EMBED_SWIFT_STANDARD_LIBRARIES = YES;
				BUNDLE_LOADER = "$(TEST_HOST)";
				CODE_SIGN_STYLE = Automatic;
				DEVELOPMENT_TEAM = 6WMSR7ZD36;
				INFOPLIST_FILE = ChessTests/Info.plist;
				LD_RUNPATH_SEARCH_PATHS = "$(inherited) @executable_path/Frameworks @loader_path/Frameworks";
				PRODUCT_BUNDLE_IDENTIFIER = com.ChessTests;
				PRODUCT_NAME = "$(TARGET_NAME)";
				SWIFT_VERSION = 4.0;
				TARGETED_DEVICE_FAMILY = "1,2";
				TEST_HOST = "$(BUILT_PRODUCTS_DIR)/Chess.app/Chess";
			};
			name = Release;
		};
		220222FD2024D5FF00785624 /* Debug */ = {
			isa = XCBuildConfiguration;
			buildSettings = {
				ALWAYS_EMBED_SWIFT_STANDARD_LIBRARIES = YES;
				CODE_SIGN_STYLE = Automatic;
				DEVELOPMENT_TEAM = 6WMSR7ZD36;
				INFOPLIST_FILE = ChessUITests/Info.plist;
				LD_RUNPATH_SEARCH_PATHS = "$(inherited) @executable_path/Frameworks @loader_path/Frameworks";
				PRODUCT_BUNDLE_IDENTIFIER = com.ChessUITests;
				PRODUCT_NAME = "$(TARGET_NAME)";
				SWIFT_VERSION = 4.0;
				TARGETED_DEVICE_FAMILY = "1,2";
				TEST_TARGET_NAME = Chess;
			};
			name = Debug;
		};
		220222FE2024D5FF00785624 /* Release */ = {
			isa = XCBuildConfiguration;
			buildSettings = {
				ALWAYS_EMBED_SWIFT_STANDARD_LIBRARIES = YES;
				CODE_SIGN_STYLE = Automatic;
				DEVELOPMENT_TEAM = 6WMSR7ZD36;
				INFOPLIST_FILE = ChessUITests/Info.plist;
				LD_RUNPATH_SEARCH_PATHS = "$(inherited) @executable_path/Frameworks @loader_path/Frameworks";
				PRODUCT_BUNDLE_IDENTIFIER = com.ChessUITests;
				PRODUCT_NAME = "$(TARGET_NAME)";
				SWIFT_VERSION = 4.0;
				TARGETED_DEVICE_FAMILY = "1,2";
				TEST_TARGET_NAME = Chess;
			};
			name = Release;
		};
/* End XCBuildConfiguration section */

/* Begin XCConfigurationList section */
		220222C32024D5FF00785624 /* Build configuration list for PBXProject "Chess" */ = {
			isa = XCConfigurationList;
			buildConfigurations = (
				220222F42024D5FF00785624 /* Debug */,
				220222F52024D5FF00785624 /* Release */,
			);
			defaultConfigurationIsVisible = 0;
			defaultConfigurationName = Release;
		};
		220222F62024D5FF00785624 /* Build configuration list for PBXNativeTarget "Chess" */ = {
			isa = XCConfigurationList;
			buildConfigurations = (
				220222F72024D5FF00785624 /* Debug */,
				220222F82024D5FF00785624 /* Release */,
			);
			defaultConfigurationIsVisible = 0;
			defaultConfigurationName = Release;
		};
		220222F92024D5FF00785624 /* Build configuration list for PBXNativeTarget "ChessTests" */ = {
			isa = XCConfigurationList;
			buildConfigurations = (
				220222FA2024D5FF00785624 /* Debug */,
				220222FB2024D5FF00785624 /* Release */,
			);
			defaultConfigurationIsVisible = 0;
			defaultConfigurationName = Release;
		};
		220222FC2024D5FF00785624 /* Build configuration list for PBXNativeTarget "ChessUITests" */ = {
			isa = XCConfigurationList;
			buildConfigurations = (
				220222FD2024D5FF00785624 /* Debug */,
				220222FE2024D5FF00785624 /* Release */,
			);
			defaultConfigurationIsVisible = 0;
			defaultConfigurationName = Release;
		};
/* End XCConfigurationList section */
	};
	rootObject = 220222C02024D5FF00785624 /* Project object */;
}
